// !$*UTF8*$!
{
	archiveVersion = 1;
	classes = {
	};
	objectVersion = 55;
	objects = {

/* Begin PBXBuildFile section */
		4B62D07327DF8842005E63AE /* showIDVC.swift in Sources */ = {isa = PBXBuildFile; fileRef = 4B62D07227DF8842005E63AE /* showIDVC.swift */; };
		4B62D07527DFA977005E63AE /* cardData.swift in Sources */ = {isa = PBXBuildFile; fileRef = 4B62D07427DFA977005E63AE /* cardData.swift */; };
		4B66A63227DF7A0500A59D2E /* MySelfVC.swift in Sources */ = {isa = PBXBuildFile; fileRef = 4B66A63127DF7A0500A59D2E /* MySelfVC.swift */; };
		4B66A63427DF7A2000A59D2E /* SaveCardVC.swift in Sources */ = {isa = PBXBuildFile; fileRef = 4B66A63327DF7A2000A59D2E /* SaveCardVC.swift */; };
		4B979C4827DF827700778ED0 /* constants.swift in Sources */ = {isa = PBXBuildFile; fileRef = 4B979C4727DF827700778ED0 /* constants.swift */; };
		4BED484D27DE45C200A1F0C3 /* AppDelegate.swift in Sources */ = {isa = PBXBuildFile; fileRef = 4BED484C27DE45C200A1F0C3 /* AppDelegate.swift */; };
		4BED484F27DE45C200A1F0C3 /* SceneDelegate.swift in Sources */ = {isa = PBXBuildFile; fileRef = 4BED484E27DE45C200A1F0C3 /* SceneDelegate.swift */; };
		4BED485127DE45C200A1F0C3 /* ViewController.swift in Sources */ = {isa = PBXBuildFile; fileRef = 4BED485027DE45C200A1F0C3 /* ViewController.swift */; };
		4BED485427DE45C200A1F0C3 /* Main.storyboard in Resources */ = {isa = PBXBuildFile; fileRef = 4BED485227DE45C200A1F0C3 /* Main.storyboard */; };
		4BED485727DE45C200A1F0C3 /* BUBT_ID_Cards.xcdatamodeld in Sources */ = {isa = PBXBuildFile; fileRef = 4BED485527DE45C200A1F0C3 /* BUBT_ID_Cards.xcdatamodeld */; };
		4BED485927DE45C300A1F0C3 /* Assets.xcassets in Resources */ = {isa = PBXBuildFile; fileRef = 4BED485827DE45C300A1F0C3 /* Assets.xcassets */; };
		4BED485C27DE45C300A1F0C3 /* LaunchScreen.storyboard in Resources */ = {isa = PBXBuildFile; fileRef = 4BED485A27DE45C300A1F0C3 /* LaunchScreen.storyboard */; };
/* End PBXBuildFile section */

/* Begin PBXFileReference section */
		4B62D07227DF8842005E63AE /* showIDVC.swift */ = {isa = PBXFileReference; lastKnownFileType = sourcecode.swift; path = showIDVC.swift; sourceTree = "<group>"; };
		4B62D07427DFA977005E63AE /* cardData.swift */ = {isa = PBXFileReference; lastKnownFileType = sourcecode.swift; path = cardData.swift; sourceTree = "<group>"; };
		4B66A63127DF7A0500A59D2E /* MySelfVC.swift */ = {isa = PBXFileReference; lastKnownFileType = sourcecode.swift; path = MySelfVC.swift; sourceTree = "<group>"; };
		4B66A63327DF7A2000A59D2E /* SaveCardVC.swift */ = {isa = PBXFileReference; lastKnownFileType = sourcecode.swift; path = SaveCardVC.swift; sourceTree = "<group>"; };
		4B979C4727DF827700778ED0 /* constants.swift */ = {isa = PBXFileReference; lastKnownFileType = sourcecode.swift; path = constants.swift; sourceTree = "<group>"; };
		4BED484927DE45C200A1F0C3 /* BUBT ID-Cards.app */ = {isa = PBXFileReference; explicitFileType = wrapper.application; includeInIndex = 0; path = "BUBT ID-Cards.app"; sourceTree = BUILT_PRODUCTS_DIR; };
		4BED484C27DE45C200A1F0C3 /* AppDelegate.swift */ = {isa = PBXFileReference; lastKnownFileType = sourcecode.swift; path = AppDelegate.swift; sourceTree = "<group>"; };
		4BED484E27DE45C200A1F0C3 /* SceneDelegate.swift */ = {isa = PBXFileReference; lastKnownFileType = sourcecode.swift; path = SceneDelegate.swift; sourceTree = "<group>"; };
		4BED485027DE45C200A1F0C3 /* ViewController.swift */ = {isa = PBXFileReference; lastKnownFileType = sourcecode.swift; path = ViewController.swift; sourceTree = "<group>"; };
		4BED485327DE45C200A1F0C3 /* Base */ = {isa = PBXFileReference; lastKnownFileType = file.storyboard; name = Base; path = Base.lproj/Main.storyboard; sourceTree = "<group>"; };
		4BED485627DE45C200A1F0C3 /* BUBT_ID_Cards.xcdatamodel */ = {isa = PBXFileReference; lastKnownFileType = wrapper.xcdatamodel; path = BUBT_ID_Cards.xcdatamodel; sourceTree = "<group>"; };
		4BED485827DE45C300A1F0C3 /* Assets.xcassets */ = {isa = PBXFileReference; lastKnownFileType = folder.assetcatalog; path = Assets.xcassets; sourceTree = "<group>"; };
		4BED485B27DE45C300A1F0C3 /* Base */ = {isa = PBXFileReference; lastKnownFileType = file.storyboard; name = Base; path = Base.lproj/LaunchScreen.storyboard; sourceTree = "<group>"; };
		4BED485D27DE45C300A1F0C3 /* Info.plist */ = {isa = PBXFileReference; lastKnownFileType = text.plist.xml; path = Info.plist; sourceTree = "<group>"; };
/* End PBXFileReference section */

/* Begin PBXFrameworksBuildPhase section */
		4BED484627DE45C200A1F0C3 /* Frameworks */ = {
			isa = PBXFrameworksBuildPhase;
			buildActionMask = 2147483647;
			files = (
			);
			runOnlyForDeploymentPostprocessing = 0;
		};
/* End PBXFrameworksBuildPhase section */

/* Begin PBXGroup section */
		4B66A63027DF79AD00A59D2E /* Controller */ = {
			isa = PBXGroup;
			children = (
				4BED485027DE45C200A1F0C3 /* ViewController.swift */,
				4B66A63127DF7A0500A59D2E /* MySelfVC.swift */,
				4B66A63327DF7A2000A59D2E /* SaveCardVC.swift */,
				4B62D07227DF8842005E63AE /* showIDVC.swift */,
				4B62D07427DFA977005E63AE /* cardData.swift */,
			);
			path = Controller;
			sourceTree = "<group>";
		};
		4BED484027DE45C200A1F0C3 = {
			isa = PBXGroup;
			children = (
				4BED484B27DE45C200A1F0C3 /* BUBT ID-Cards */,
				4BED484A27DE45C200A1F0C3 /* Products */,
			);
			sourceTree = "<group>";
		};
		4BED484A27DE45C200A1F0C3 /* Products */ = {
			isa = PBXGroup;
			children = (
				4BED484927DE45C200A1F0C3 /* BUBT ID-Cards.app */,
			);
			name = Products;
			sourceTree = "<group>";
		};
		4BED484B27DE45C200A1F0C3 /* BUBT ID-Cards */ = {
			isa = PBXGroup;
			children = (
				4BED484C27DE45C200A1F0C3 /* AppDelegate.swift */,
				4BED484E27DE45C200A1F0C3 /* SceneDelegate.swift */,
				4B66A63027DF79AD00A59D2E /* Controller */,
				4BED485227DE45C200A1F0C3 /* Main.storyboard */,
				4B979C4727DF827700778ED0 /* constants.swift */,
				4BED485827DE45C300A1F0C3 /* Assets.xcassets */,
				4BED485A27DE45C300A1F0C3 /* LaunchScreen.storyboard */,
				4BED485D27DE45C300A1F0C3 /* Info.plist */,
				4BED485527DE45C200A1F0C3 /* BUBT_ID_Cards.xcdatamodeld */,
			);
			path = "BUBT ID-Cards";
			sourceTree = "<group>";
		};
/* End PBXGroup section */

/* Begin PBXNativeTarget section */
		4BED484827DE45C200A1F0C3 /* BUBT ID-Cards */ = {
			isa = PBXNativeTarget;
			buildConfigurationList = 4BED486027DE45C300A1F0C3 /* Build configuration list for PBXNativeTarget "BUBT ID-Cards" */;
			buildPhases = (
				4BED484527DE45C200A1F0C3 /* Sources */,
				4BED484627DE45C200A1F0C3 /* Frameworks */,
				4BED484727DE45C200A1F0C3 /* Resources */,
			);
			buildRules = (
			);
			dependencies = (
			);
			name = "BUBT ID-Cards";
			productName = "BUBT ID-Cards";
			productReference = 4BED484927DE45C200A1F0C3 /* BUBT ID-Cards.app */;
			productType = "com.apple.product-type.application";
		};
/* End PBXNativeTarget section */

/* Begin PBXProject section */
		4BED484127DE45C200A1F0C3 /* Project object */ = {
			isa = PBXProject;
			attributes = {
				BuildIndependentTargetsInParallel = 1;
				LastSwiftUpdateCheck = 1320;
				LastUpgradeCheck = 1320;
				TargetAttributes = {
					4BED484827DE45C200A1F0C3 = {
						CreatedOnToolsVersion = 13.2.1;
					};
				};
			};
			buildConfigurationList = 4BED484427DE45C200A1F0C3 /* Build configuration list for PBXProject "BUBT ID-Cards" */;
			compatibilityVersion = "Xcode 13.0";
			developmentRegion = en;
			hasScannedForEncodings = 0;
			knownRegions = (
				en,
				Base,
			);
			mainGroup = 4BED484027DE45C200A1F0C3;
			productRefGroup = 4BED484A27DE45C200A1F0C3 /* Products */;
			projectDirPath = "";
			projectRoot = "";
			targets = (
				4BED484827DE45C200A1F0C3 /* BUBT ID-Cards */,
			);
		};
/* End PBXProject section */

/* Begin PBXResourcesBuildPhase section */
		4BED484727DE45C200A1F0C3 /* Resources */ = {
			isa = PBXResourcesBuildPhase;
			buildActionMask = 2147483647;
			files = (
				4BED485C27DE45C300A1F0C3 /* LaunchScreen.storyboard in Resources */,
				4BED485927DE45C300A1F0C3 /* Assets.xcassets in Resources */,
				4BED485427DE45C200A1F0C3 /* Main.storyboard in Resources */,
			);
			runOnlyForDeploymentPostprocessing = 0;
		};
/* End PBXResourcesBuildPhase section */

/* Begin PBXSourcesBuildPhase section */
		4BED484527DE45C200A1F0C3 /* Sources */ = {
			isa = PBXSourcesBuildPhase;
			buildActionMask = 2147483647;
			files = (
				4B62D07327DF8842005E63AE /* showIDVC.swift in Sources */,
				4B66A63227DF7A0500A59D2E /* MySelfVC.swift in Sources */,
				4B66A63427DF7A2000A59D2E /* SaveCardVC.swift in Sources */,
				4BED485127DE45C200A1F0C3 /* ViewController.swift in Sources */,
				4B979C4827DF827700778ED0 /* constants.swift in Sources */,
				4B62D07527DFA977005E63AE /* cardData.swift in Sources */,
				4BED484D27DE45C200A1F0C3 /* AppDelegate.swift in Sources */,
				4BED484F27DE45C200A1F0C3 /* SceneDelegate.swift in Sources */,
				4BED485727DE45C200A1F0C3 /* BUBT_ID_Cards.xcdatamodeld in Sources */,
			);
			runOnlyForDeploymentPostprocessing = 0;
		};
/* End PBXSourcesBuildPhase section */

/* Begin PBXVariantGroup section */
		4BED485227DE45C200A1F0C3 /* Main.storyboard */ = {
			isa = PBXVariantGroup;
			children = (
				4BED485327DE45C200A1F0C3 /* Base */,
			);
			name = Main.storyboard;
			sourceTree = "<group>";
		};
		4BED485A27DE45C300A1F0C3 /* LaunchScreen.storyboard */ = {
			isa = PBXVariantGroup;
			children = (
				4BED485B27DE45C300A1F0C3 /* Base */,
			);
			name = LaunchScreen.storyboard;
			sourceTree = "<group>";
		};
/* End PBXVariantGroup section */

/* Begin XCBuildConfiguration section */
		4BED485E27DE45C300A1F0C3 /* Debug */ = {
			isa = XCBuildConfiguration;
			buildSettings = {
				ALWAYS_SEARCH_USER_PATHS = NO;
				CLANG_ANALYZER_NONNULL = YES;
				CLANG_ANALYZER_NUMBER_OBJECT_CONVERSION = YES_AGGRESSIVE;
				CLANG_CXX_LANGUAGE_STANDARD = "gnu++17";
				CLANG_CXX_LIBRARY = "libc++";
				CLANG_ENABLE_MODULES = YES;
				CLANG_ENABLE_OBJC_ARC = YES;
				CLANG_ENABLE_OBJC_WEAK = YES;
				CLANG_WARN_BLOCK_CAPTURE_AUTORELEASING = YES;
				CLANG_WARN_BOOL_CONVERSION = YES;
				CLANG_WARN_COMMA = YES;
				CLANG_WARN_CONSTANT_CONVERSION = YES;
				CLANG_WARN_DEPRECATED_OBJC_IMPLEMENTATIONS = YES;
				CLANG_WARN_DIRECT_OBJC_ISA_USAGE = YES_ERROR;
				CLANG_WARN_DOCUMENTATION_COMMENTS = YES;
				CLANG_WARN_EMPTY_BODY = YES;
				CLANG_WARN_ENUM_CONVERSION = YES;
				CLANG_WARN_INFINITE_RECURSION = YES;
				CLANG_WARN_INT_CONVERSION = YES;
				CLANG_WARN_NON_LITERAL_NULL_CONVERSION = YES;
				CLANG_WARN_OBJC_IMPLICIT_RETAIN_SELF = YES;
				CLANG_WARN_OBJC_LITERAL_CONVERSION = YES;
				CLANG_WARN_OBJC_ROOT_CLASS = YES_ERROR;
				CLANG_WARN_QUOTED_INCLUDE_IN_FRAMEWORK_HEADER = YES;
				CLANG_WARN_RANGE_LOOP_ANALYSIS = YES;
				CLANG_WARN_STRICT_PROTOTYPES = YES;
				CLANG_WARN_SUSPICIOUS_MOVE = YES;
				CLANG_WARN_UNGUARDED_AVAILABILITY = YES_AGGRESSIVE;
				CLANG_WARN_UNREACHABLE_CODE = YES;
				CLANG_WARN__DUPLICATE_METHOD_MATCH = YES;
				COPY_PHASE_STRIP = NO;
				DEBUG_INFORMATION_FORMAT = dwarf;
				ENABLE_STRICT_OBJC_MSGSEND = YES;
				ENABLE_TESTABILITY = YES;
				GCC_C_LANGUAGE_STANDARD = gnu11;
				GCC_DYNAMIC_NO_PIC = NO;
				GCC_NO_COMMON_BLOCKS = YES;
				GCC_OPTIMIZATION_LEVEL = 0;
				GCC_PREPROCESSOR_DEFINITIONS = (
					"DEBUG=1",
					"$(inherited)",
				);
				GCC_WARN_64_TO_32_BIT_CONVERSION = YES;
				GCC_WARN_ABOUT_RETURN_TYPE = YES_ERROR;
				GCC_WARN_UNDECLARED_SELECTOR = YES;
				GCC_WARN_UNINITIALIZED_AUTOS = YES_AGGRESSIVE;
				GCC_WARN_UNUSED_FUNCTION = YES;
				GCC_WARN_UNUSED_VARIABLE = YES;
				IPHONEOS_DEPLOYMENT_TARGET = 15.2;
				MTL_ENABLE_DEBUG_INFO = INCLUDE_SOURCE;
				MTL_FAST_MATH = YES;
				ONLY_ACTIVE_ARCH = YES;
				SDKROOT = iphoneos;
				SWIFT_ACTIVE_COMPILATION_CONDITIONS = DEBUG;
				SWIFT_OPTIMIZATION_LEVEL = "-Onone";
			};
			name = Debug;
		};
		4BED485F27DE45C300A1F0C3 /* Release */ = {
			isa = XCBuildConfiguration;
			buildSettings = {
				ALWAYS_SEARCH_USER_PATHS = NO;
				CLANG_ANALYZER_NONNULL = YES;
				CLANG_ANALYZER_NUMBER_OBJECT_CONVERSION = YES_AGGRESSIVE;
				CLANG_CXX_LANGUAGE_STANDARD = "gnu++17";
				CLANG_CXX_LIBRARY = "libc++";
				CLANG_ENABLE_MODULES = YES;
				CLANG_ENABLE_OBJC_ARC = YES;
				CLANG_ENABLE_OBJC_WEAK = YES;
				CLANG_WARN_BLOCK_CAPTURE_AUTORELEASING = YES;
				CLANG_WARN_BOOL_CONVERSION = YES;
				CLANG_WARN_COMMA = YES;
				CLANG_WARN_CONSTANT_CONVERSION = YES;
				CLANG_WARN_DEPRECATED_OBJC_IMPLEMENTATIONS = YES;
				CLANG_WARN_DIRECT_OBJC_ISA_USAGE = YES_ERROR;
				CLANG_WARN_DOCUMENTATION_COMMENTS = YES;
				CLANG_WARN_EMPTY_BODY = YES;
				CLANG_WARN_ENUM_CONVERSION = YES;
				CLANG_WARN_INFINITE_RECURSION = YES;
				CLANG_WARN_INT_CONVERSION = YES;
				CLANG_WARN_NON_LITERAL_NULL_CONVERSION = YES;
				CLANG_WARN_OBJC_IMPLICIT_RETAIN_SELF = YES;
				CLANG_WARN_OBJC_LITERAL_CONVERSION = YES;
				CLANG_WARN_OBJC_ROOT_CLASS = YES_ERROR;
				CLANG_WARN_QUOTED_INCLUDE_IN_FRAMEWORK_HEADER = YES;
				CLANG_WARN_RANGE_LOOP_ANALYSIS = YES;
				CLANG_WARN_STRICT_PROTOTYPES = YES;
				CLANG_WARN_SUSPICIOUS_MOVE = YES;
				CLANG_WARN_UNGUARDED_AVAILABILITY = YES_AGGRESSIVE;
				CLANG_WARN_UNREACHABLE_CODE = YES;
				CLANG_WARN__DUPLICATE_METHOD_MATCH = YES;
				COPY_PHASE_STRIP = NO;
				DEBUG_INFORMATION_FORMAT = "dwarf-with-dsym";
				ENABLE_NS_ASSERTIONS = NO;
				ENABLE_STRICT_OBJC_MSGSEND = YES;
				GCC_C_LANGUAGE_STANDARD = gnu11;
				GCC_NO_COMMON_BLOCKS = YES;
				GCC_WARN_64_TO_32_BIT_CONVERSION = YES;
				GCC_WARN_ABOUT_RETURN_TYPE = YES_ERROR;
				GCC_WARN_UNDECLARED_SELECTOR = YES;
				GCC_WARN_UNINITIALIZED_AUTOS = YES_AGGRESSIVE;
				GCC_WARN_UNUSED_FUNCTION = YES;
				GCC_WARN_UNUSED_VARIABLE = YES;
				IPHONEOS_DEPLOYMENT_TARGET = 15.2;
				MTL_ENABLE_DEBUG_INFO = NO;
				MTL_FAST_MATH = YES;
				SDKROOT = iphoneos;
				SWIFT_COMPILATION_MODE = wholemodule;
				SWIFT_OPTIMIZATION_LEVEL = "-O";
				VALIDATE_PRODUCT = YES;
			};
			name = Release;
		};
		4BED486127DE45C300A1F0C3 /* Debug */ = {
			isa = XCBuildConfiguration;
			buildSettings = {
				ASSETCATALOG_COMPILER_APPICON_NAME = AppIcon;
				ASSETCATALOG_COMPILER_GLOBAL_ACCENT_COLOR_NAME = AccentColor;
				CODE_SIGN_STYLE = Automatic;
				CURRENT_PROJECT_VERSION = 1;
				GENERATE_INFOPLIST_FILE = YES;
				INFOPLIST_FILE = "BUBT ID-Cards/Info.plist";
				INFOPLIST_KEY_UIApplicationSupportsIndirectInputEvents = YES;
				INFOPLIST_KEY_UILaunchStoryboardName = LaunchScreen;
				INFOPLIST_KEY_UIMainStoryboardFile = Main;
				INFOPLIST_KEY_UISupportedInterfaceOrientations_iPad = "UIInterfaceOrientationPortrait UIInterfaceOrientationPortraitUpsideDown UIInterfaceOrientationLandscapeLeft UIInterfaceOrientationLandscapeRight";
				INFOPLIST_KEY_UISupportedInterfaceOrientations_iPhone = "UIInterfaceOrientationPortrait UIInterfaceOrientationLandscapeLeft UIInterfaceOrientationLandscapeRight";
				LD_RUNPATH_SEARCH_PATHS = (
					"$(inherited)",
					"@executable_path/Frameworks",
				);
				MARKETING_VERSION = 1.0;
				PRODUCT_BUNDLE_IDENTIFIER = "com.sparta-i.BUBT-ID-Cards";
				PRODUCT_NAME = "$(TARGET_NAME)";
				SWIFT_EMIT_LOC_STRINGS = YES;
				SWIFT_VERSION = 5.0;
				TARGETED_DEVICE_FAMILY = "1,2";
			};
			name = Debug;
		};
		4BED486227DE45C300A1F0C3 /* Release */ = {
			isa = XCBuildConfiguration;
			buildSettings = {
				ASSETCATALOG_COMPILER_APPICON_NAME = AppIcon;
				ASSETCATALOG_COMPILER_GLOBAL_ACCENT_COLOR_NAME = AccentColor;
				CODE_SIGN_STYLE = Automatic;
				CURRENT_PROJECT_VERSION = 1;
				GENERATE_INFOPLIST_FILE = YES;
				INFOPLIST_FILE = "BUBT ID-Cards/Info.plist";
				INFOPLIST_KEY_UIApplicationSupportsIndirectInputEvents = YES;
				INFOPLIST_KEY_UILaunchStoryboardName = LaunchScreen;
				INFOPLIST_KEY_UIMainStoryboardFile = Main;
				INFOPLIST_KEY_UISupportedInterfaceOrientations_iPad = "UIInterfaceOrientationPortrait UIInterfaceOrientationPortraitUpsideDown UIInterfaceOrientationLandscapeLeft UIInterfaceOrientationLandscapeRight";
				INFOPLIST_KEY_UISupportedInterfaceOrientations_iPhone = "UIInterfaceOrientationPortrait UIInterfaceOrientationLandscapeLeft UIInterfaceOrientationLandscapeRight";
				LD_RUNPATH_SEARCH_PATHS = (
					"$(inherited)",
					"@executable_path/Frameworks",
				);
				MARKETING_VERSION = 1.0;
				PRODUCT_BUNDLE_IDENTIFIER = "com.sparta-i.BUBT-ID-Cards";
				PRODUCT_NAME = "$(TARGET_NAME)";
				SWIFT_EMIT_LOC_STRINGS = YES;
				SWIFT_VERSION = 5.0;
				TARGETED_DEVICE_FAMILY = "1,2";
			};
			name = Release;
		};
/* End XCBuildConfiguration section */

/* Begin XCConfigurationList section */
		4BED484427DE45C200A1F0C3 /* Build configuration list for PBXProject "BUBT ID-Cards" */ = {
			isa = XCConfigurationList;
			buildConfigurations = (
				4BED485E27DE45C300A1F0C3 /* Debug */,
				4BED485F27DE45C300A1F0C3 /* Release */,
			);
			defaultConfigurationIsVisible = 0;
			defaultConfigurationName = Release;
		};
		4BED486027DE45C300A1F0C3 /* Build configuration list for PBXNativeTarget "BUBT ID-Cards" */ = {
			isa = XCConfigurationList;
			buildConfigurations = (
				4BED486127DE45C300A1F0C3 /* Debug */,
				4BED486227DE45C300A1F0C3 /* Release */,
			);
			defaultConfigurationIsVisible = 0;
			defaultConfigurationName = Release;
		};
/* End XCConfigurationList section */

/* Begin XCVersionGroup section */
		4BED485527DE45C200A1F0C3 /* BUBT_ID_Cards.xcdatamodeld */ = {
			isa = XCVersionGroup;
			children = (
				4BED485627DE45C200A1F0C3 /* BUBT_ID_Cards.xcdatamodel */,
			);
			currentVersion = 4BED485627DE45C200A1F0C3 /* BUBT_ID_Cards.xcdatamodel */;
			path = BUBT_ID_Cards.xcdatamodeld;
			sourceTree = "<group>";
			versionGroupType = wrapper.xcdatamodel;
		};
/* End XCVersionGroup section */
	};
	rootObject = 4BED484127DE45C200A1F0C3 /* Project object */;
}
